
Microsoft Visual Studio Solution File, Format Version 12.00
# Visual Studio 2012
Project("{FAE04EC0-301F-11D3-BF4B-00C04F79EFBC}") = "EricS", "EricS\EricS.csproj", "{F0285EE3-0878-49CC-83A4-4C8C51C57A8E}"
EndProject
Global
	GlobalSection(SolutionConfigurationPlatforms) = preSolution
		Debug|Any CPU = Debug|Any CPU
		Release|Any CPU = Release|Any CPU
	EndGlobalSection
	GlobalSection(ProjectConfigurationPlatforms) = postSolution
		{F0285EE3-0878-49CC-83A4-4C8C51C57A8E}.Debug|Any CPU.ActiveCfg = Debug|Any CPU
		{F0285EE3-0878-49CC-83A4-4C8C51C57A8E}.Debug|Any CPU.Build.0 = Debug|Any CPU
		{F0285EE3-0878-49CC-83A4-4C8C51C57A8E}.Release|Any CPU.ActiveCfg = Release|Any CPU
		{F0285EE3-0878-49CC-83A4-4C8C51C57A8E}.Release|Any CPU.Build.0 = Release|Any CPU
	EndGlobalSection
EndGlobal
